
Microsoft Visual Studio Solution File, Format Version 12.00
# Visual Studio Version 17
VisualStudioVersion = 17.13.35828.75 d17.13
MinimumVisualStudioVersion = 10.0.40219.1
Project("{FAE04EC0-301F-11D3-BF4B-00C04F79EFBC}") = "Vidly", "Vidly\Vidly.csproj", "{339EACF7-0C80-4FE9-A3B5-210DBE311787}"
EndProject
Global
	GlobalSection(SolutionConfigurationPlatforms) = preSolution
		Debug|Any CPU = Debug|Any CPU
		Release|Any CPU = Release|Any CPU
	EndGlobalSection
	GlobalSection(ProjectConfigurationPlatforms) = postSolution
		{339EACF7-0C80-4FE9-A3B5-210DBE311787}.Debug|Any CPU.ActiveCfg = Debug|Any CPU
		{339EACF7-0C80-4FE9-A3B5-210DBE311787}.Debug|Any CPU.Build.0 = Debug|Any CPU
		{339EACF7-0C80-4FE9-A3B5-210DBE311787}.Release|Any CPU.ActiveCfg = Release|Any CPU
		{339EACF7-0C80-4FE9-A3B5-210DBE311787}.Release|Any CPU.Build.0 = Release|Any CPU
	EndGlobalSection
	GlobalSection(SolutionProperties) = preSolution
		HideSolutionNode = FALSE
	EndGlobalSection
	GlobalSection(ExtensibilityGlobals) = postSolution
		SolutionGuid = {C30E2CEA-93EA-41EF-8FEB-BA35332D6427}
	EndGlobalSection
EndGlobal
